version = 1
revision = 3
requires-python = "==3.12.*"

[options]
prerelease-mode = "allow"

[[package]]
name = "bidict"
version = "0.23.1"
source = { registry = "https://pypi.org/simple" }
sdist = { url = "https://files.pythonhosted.org/packages/9a/6e/026678aa5a830e07cd9498a05d3e7e650a4f56a42f267a53d22bcda1bdc9/bidict-0.23.1.tar.gz", hash = "sha256:03069d763bc387bbd20e7d49914e75fc4132a41937fa3405417e1a5a2d006d71", size = 29093, upload-time = "2024-02-18T19:09:05.748Z" }
wheels = [
    { url = "https://files.pythonhosted.org/packages/99/37/e8730c3587a65eb5645d4aba2d27aae48e8003614d6aaf15dda67f702f1f/bidict-0.23.1-py3-none-any.whl", hash = "sha256:5dae8d4d79b552a71cbabc7deb25dfe8ce710b17ff41711e13010ead2abfc3e5", size = 32764, upload-time = "2024-02-18T19:09:04.156Z" },
]

[[package]]
name = "blinker"
version = "1.9.0"
source = { registry = "https://pypi.org/simple" }
sdist = { url = "https://files.pythonhosted.org/packages/21/28/9b3f50ce0e048515135495f198351908d99540d69bfdc8c1d15b73dc55ce/blinker-1.9.0.tar.gz", hash = "sha256:b4ce2265a7abece45e7cc896e98dbebe6cead56bcf805a3d23136d145f5445bf", size = 22460, upload-time = "2024-11-08T17:25:47.436Z" }
wheels = [
    { url = "https://files.pythonhosted.org/packages/10/cb/f2ad4230dc2eb1a74edf38f1a38b9b52277f75bef262d8908e60d957e13c/blinker-1.9.0-py3-none-any.whl", hash = "sha256:ba0efaa9080b619ff2f3459d1d500c57bddea4a6b424b60a91141db6fd2f08bc", size = 8458, upload-time = "2024-11-08T17:25:46.184Z" },
]

[[package]]
name = "click"
version = "8.3.1"
source = { registry = "https://pypi.org/simple" }
dependencies = [
    { name = "colorama", marker = "sys_platform == 'win32'" },
]
sdist = { url = "https://files.pythonhosted.org/packages/3d/fa/656b739db8587d7b5dfa22e22ed02566950fbfbcdc20311993483657a5c0/click-8.3.1.tar.gz", hash = "sha256:12ff4785d337a1bb490bb7e9c2b1ee5da3112e94a8622f26a6c77f5d2fc6842a", size = 295065, upload-time = "2025-11-15T20:45:42.706Z" }
wheels = [
    { url = "https://files.pythonhosted.org/packages/98/78/01c019cdb5d6498122777c1a43056ebb3ebfeef2076d9d026bfe15583b2b/click-8.3.1-py3-none-any.whl", hash = "sha256:981153a64e25f12d547d3426c367a4857371575ee7ad18df2a6183ab0545b2a6", size = 108274, upload-time = "2025-11-15T20:45:41.139Z" },
]

[[package]]
name = "colorama"
version = "0.4.6"
source = { registry = "https://pypi.org/simple" }
sdist = { url = "https://files.pythonhosted.org/packages/d8/53/6f443c9a4a8358a93a6792e2acffb9d9d5cb0a5cfd8802644b7b1c9a02e4/colorama-0.4.6.tar.gz", hash = "sha256:08695f5cb7ed6e0531a20572697297273c47b8cae5a63ffc6d6ed5c201be6e44", size = 27697, upload-time = "2022-10-25T02:36:22.414Z" }
wheels = [
    { url = "https://files.pythonhosted.org/packages/d1/d6/3965ed04c63042e047cb6a3e6ed1a63a35087b6a609aa3a15ed8ac56c221/colorama-0.4.6-py2.py3-none-any.whl", hash = "sha256:4f1d9991f5acc0ca119f9d443620b77f9d6b33703e51011c16baf57afb285fc6", size = 25335, upload-time = "2022-10-25T02:36:20.889Z" },
]

[[package]]
name = "cyberdelia-ex"
version = "0.1.0"
source = { virtual = "." }
dependencies = [
    { name = "eventlet" },
    { name = "flask" },
    { name = "flask-mail" },
    { name = "flask-socketio" },
    { name = "gevent", marker = "sys_platform != 'win32'" },
    { name = "gunicorn" },
    { name = "python-dotenv" },
    { name = "python-socketio" },
    { name = "simple-websocket" },
    { name = "werkzeug" },
]

[package.metadata]
requires-dist = [
    { name = "eventlet", specifier = ">=0.35" },
    { name = "flask", specifier = ">=2.3" },
    { name = "flask-mail", specifier = ">=0.9.1" },
    { name = "flask-socketio", specifier = ">=5.3" },
    { name = "gevent", marker = "sys_platform != 'win32'", specifier = ">=23.9" },
    { name = "gunicorn", specifier = ">=21.2" },
    { name = "python-dotenv", specifier = ">=1.0" },
    { name = "python-socketio", specifier = ">=5.11" },
    { name = "simple-websocket", specifier = ">=0.10" },
    { name = "werkzeug", specifier = ">=2.3" },
]

[[package]]
name = "dnspython"
version = "2.8.0"
source = { registry = "https://pypi.org/simple" }
sdist = { url = "https://files.pythonhosted.org/packages/8c/8b/57666417c0f90f08bcafa776861060426765fdb422eb10212086fb811d26/dnspython-2.8.0.tar.gz", hash = "sha256:181d3c6996452cb1189c4046c61599b84a5a86e099562ffde77d26984ff26d0f", size = 368251, upload-time = "2025-09-07T18:58:00.022Z" }
wheels = [
    { url = "https://files.pythonhosted.org/packages/ba/5a/18ad964b0086c6e62e2e7500f7edc89e3faa45033c71c1893d34eed2b2de/dnspython-2.8.0-py3-none-any.whl", hash = "sha256:01d9bbc4a2d76bf0db7c1f729812ded6d912bd318d3b1cf81d30c0f845dbf3af", size = 331094, upload-time = "2025-09-07T18:57:58.071Z" },
]

[[package]]
name = "eventlet"
version = "0.40.4"
source = { registry = "https://pypi.org/simple" }
dependencies = [
    { name = "dnspython" },
    { name = "greenlet" },
]
sdist = { url = "https://files.pythonhosted.org/packages/d1/d8/f72d8583db7c559445e0e9500a9b9787332370c16980802204a403634585/eventlet-0.40.4.tar.gz", hash = "sha256:69bef712b1be18b4930df6f0c495d2a882bf7b63aa111e7b6eeff461cfcaf26f", size = 565920, upload-time = "2025-11-26T13:57:31.126Z" }
wheels = [
    { url = "https://files.pythonhosted.org/packages/22/6d/8e1fa901f6a8307f90e7bd932064e27a0062a4a7a16af38966a9c3293c52/eventlet-0.40.4-py3-none-any.whl", hash = "sha256:6326c6d0bf55810bece151f7a5750207c610f389ba110ffd1541ed6e5215485b", size = 364588, upload-time = "2025-11-26T13:57:29.09Z" },
]

[[package]]
name = "flask"
version = "3.1.2"
source = { registry = "https://pypi.org/simple" }
dependencies = [
    { name = "blinker" },
    { name = "click" },
    { name = "itsdangerous" },
    { name = "jinja2" },
    { name = "markupsafe" },
    { name = "werkzeug" },
]
sdist = { url = "https://files.pythonhosted.org/packages/dc/6d/cfe3c0fcc5e477df242b98bfe186a4c34357b4847e87ecaef04507332dab/flask-3.1.2.tar.gz", hash = "sha256:bf656c15c80190ed628ad08cdfd3aaa35beb087855e2f494910aa3774cc4fd87", size = 720160, upload-time = "2025-08-19T21:03:21.205Z" }
wheels = [
    { url = "https://files.pythonhosted.org/packages/ec/f9/7f9263c5695f4bd0023734af91bedb2ff8209e8de6ead162f35d8dc762fd/flask-3.1.2-py3-none-any.whl", hash = "sha256:ca1d8112ec8a6158cc29ea4858963350011b5c846a414cdb7a954aa9e967d03c", size = 103308, upload-time = "2025-08-19T21:03:19.499Z" },
]

[[package]]
name = "flask-mail"
version = "0.10.0"
source = { registry = "https://pypi.org/simple" }
dependencies = [
    { name = "blinker" },
    { name = "flask" },
]
sdist = { url = "https://files.pythonhosted.org/packages/ba/29/e92dc84c675d1e8d260d5768eb3fb65c70cbd33addecf424187587bee862/flask_mail-0.10.0.tar.gz", hash = "sha256:44083e7b02bbcce792209c06252f8569dd5a325a7aaa76afe7330422bd97881d", size = 8152, upload-time = "2024-05-23T22:30:12.612Z" }
wheels = [
    { url = "https://files.pythonhosted.org/packages/e4/c0/a81083da779f482494d49195d8b6c9fde21072558253e4a9fb2ec969c3c1/flask_mail-0.10.0-py3-none-any.whl", hash = "sha256:a451e490931bb3441d9b11ebab6812a16bfa81855792ae1bf9c1e1e22c4e51e7", size = 8529, upload-time = "2024-05-23T22:30:10.962Z" },
]

[[package]]
name = "flask-socketio"
version = "5.6.0"
source = { registry = "https://pypi.org/simple" }
dependencies = [
    { name = "flask" },
    { name = "python-socketio" },
]
sdist = { url = "https://files.pythonhosted.org/packages/53/28/deac60f5c6faf9c3e0aed07aa3a92b0741c6709841aa3eba12417bbc8303/flask_socketio-5.6.0.tar.gz", hash = "sha256:42a7bc552013633875ad320e39462323b4f7334594f1658d72b6ffed99940d4c", size = 37667, upload-time = "2025-12-25T19:30:26.141Z" }
wheels = [
    { url = "https://files.pythonhosted.org/packages/4c/f9/6a743926417124d5c6dcbc056d569b8bde7be73596404d35881a3ff1496e/flask_socketio-5.6.0-py3-none-any.whl", hash = "sha256:894ad031d9440ca3fad388dd301ca33d13b301a2563933ca608d30979ef0a7c1", size = 18397, upload-time = "2025-12-25T19:30:24.928Z" },
]

[[package]]
name = "gevent"
version = "25.9.1"
source = { registry = "https://pypi.org/simple" }
dependencies = [
    { name = "greenlet", marker = "platform_python_implementation == 'CPython'" },
    { name = "zope-event" },
    { name = "zope-interface" },
]
sdist = { url = "https://files.pythonhosted.org/packages/9e/48/b3ef2673ffb940f980966694e40d6d32560f3ffa284ecaeb5ea3a90a6d3f/gevent-25.9.1.tar.gz", hash = "sha256:adf9cd552de44a4e6754c51ff2e78d9193b7fa6eab123db9578a210e657235dd", size = 5059025, upload-time = "2025-09-17T16:15:34.528Z" }
wheels = [
    { url = "https://files.pythonhosted.org/packages/f7/49/e55930ba5259629eb28ac7ee1abbca971996a9165f902f0249b561602f24/gevent-25.9.1-cp312-cp312-macosx_11_0_universal2.whl", hash = "sha256:46b188248c84ffdec18a686fcac5dbb32365d76912e14fda350db5dc0bfd4f86", size = 2955991, upload-time = "2025-09-17T14:52:30.568Z" },
    { url = "https://files.pythonhosted.org/packages/aa/88/63dc9e903980e1da1e16541ec5c70f2b224ec0a8e34088cb42794f1c7f52/gevent-25.9.1-cp312-cp312-manylinux2014_aarch64.manylinux_2_17_aarch64.whl", hash = "sha256:f2b54ea3ca6f0c763281cd3f96010ac7e98c2e267feb1221b5a26e2ca0b9a692", size = 1808503, upload-time = "2025-09-17T15:41:25.59Z" },
    { url = "https://files.pythonhosted.org/packages/7a/8d/7236c3a8f6ef7e94c22e658397009596fa90f24c7d19da11ad7ab3a9248e/gevent-25.9.1-cp312-cp312-manylinux2014_ppc64le.manylinux_2_17_ppc64le.whl", hash = "sha256:7a834804ac00ed8a92a69d3826342c677be651b1c3cd66cc35df8bc711057aa2", size = 1890001, upload-time = "2025-09-17T15:49:01.227Z" },
    { url = "https://files.pythonhosted.org/packages/4f/63/0d7f38c4a2085ecce26b50492fc6161aa67250d381e26d6a7322c309b00f/gevent-25.9.1-cp312-cp312-manylinux2014_s390x.manylinux_2_17_s390x.whl", hash = "sha256:323a27192ec4da6b22a9e51c3d9d896ff20bc53fdc9e45e56eaab76d1c39dd74", size = 1855335, upload-time = "2025-09-17T15:49:20.582Z" },
    { url = "https://files.pythonhosted.org/packages/95/18/da5211dfc54c7a57e7432fd9a6ffeae1ce36fe5a313fa782b1c96529ea3d/gevent-25.9.1-cp312-cp312-manylinux2014_x86_64.manylinux_2_17_x86_64.whl", hash = "sha256:6ea78b39a2c51d47ff0f130f4c755a9a4bbb2dd9721149420ad4712743911a51", size = 2109046, upload-time = "2025-09-17T15:15:13.817Z" },
    { url = "https://files.pythonhosted.org/packages/a6/5a/7bb5ec8e43a2c6444853c4a9f955f3e72f479d7c24ea86c95fb264a2de65/gevent-25.9.1-cp312-cp312-musllinux_1_2_aarch64.whl", hash = "sha256:dc45cd3e1cc07514a419960af932a62eb8515552ed004e56755e4bf20bad30c5", size = 1827099, upload-time = "2025-09-17T15:52:41.384Z" },
    { url = "https://files.pythonhosted.org/packages/ca/d4/b63a0a60635470d7d986ef19897e893c15326dd69e8fb342c76a4f07fe9e/gevent-25.9.1-cp312-cp312-musllinux_1_2_x86_64.whl", hash = "sha256:34e01e50c71eaf67e92c186ee0196a039d6e4f4b35670396baed4a2d8f1b347f", size = 2172623, upload-time = "2025-09-17T15:24:12.03Z" },
]

[[package]]
name = "greenlet"
version = "3.3.1"
source = { registry = "https://pypi.org/simple" }
sdist = { url = "https://files.pythonhosted.org/packages/8a/99/1cd3411c56a410994669062bd73dd58270c00cc074cac15f385a1fd91f8a/greenlet-3.3.1.tar.gz", hash = "sha256:41848f3230b58c08bb43dee542e74a2a2e34d3c59dc3076cec9151aeeedcae98", size = 184690, upload-time = "2026-01-23T15:31:02.076Z" }
wheels = [
    { url = "https://files.pythonhosted.org/packages/f9/c8/9d76a66421d1ae24340dfae7e79c313957f6e3195c144d2c73333b5bfe34/greenlet-3.3.1-cp312-cp312-macosx_11_0_universal2.whl", hash = "sha256:7e806ca53acf6d15a888405880766ec84721aa4181261cd11a457dfe9a7a4975", size = 276443, upload-time = "2026-01-23T15:30:10.066Z" },
    { url = "https://files.pythonhosted.org/packages/81/99/401ff34bb3c032d1f10477d199724f5e5f6fbfb59816ad1455c79c1eb8e7/greenlet-3.3.1-cp312-cp312-manylinux_2_24_aarch64.manylinux_2_28_aarch64.whl", hash = "sha256:d842c94b9155f1c9b3058036c24ffb8ff78b428414a19792b2380be9cecf4f36", size = 597359, upload-time = "2026-01-23T16:00:57.394Z" },
    { url = "https://files.pythonhosted.org/packages/2b/bc/4dcc0871ed557792d304f50be0f7487a14e017952ec689effe2180a6ff35/greenlet-3.3.1-cp312-cp312-manylinux_2_24_ppc64le.manylinux_2_28_ppc64le.whl", hash = "sha256:20fedaadd422fa02695f82093f9a98bad3dab5fcda793c658b945fcde2ab27ba", size = 607805, upload-time = "2026-01-23T16:05:28.068Z" },
    { url = "https://files.pythonhosted.org/packages/3b/cd/7a7ca57588dac3389e97f7c9521cb6641fd8b6602faf1eaa4188384757df/greenlet-3.3.1-cp312-cp312-manylinux_2_24_s390x.manylinux_2_28_s390x.whl", hash = "sha256:c620051669fd04ac6b60ebc70478210119c56e2d5d5df848baec4312e260e4ca", size = 622363, upload-time = "2026-01-23T16:15:54.754Z" },
    { url = "https://files.pythonhosted.org/packages/cf/05/821587cf19e2ce1f2b24945d890b164401e5085f9d09cbd969b0c193cd20/greenlet-3.3.1-cp312-cp312-manylinux_2_24_x86_64.manylinux_2_28_x86_64.whl", hash = "sha256:14194f5f4305800ff329cbf02c5fcc88f01886cadd29941b807668a45f0d2336", size = 609947, upload-time = "2026-01-23T15:32:51.004Z" },
    { url = "https://files.pythonhosted.org/packages/a4/52/ee8c46ed9f8babaa93a19e577f26e3d28a519feac6350ed6f25f1afee7e9/greenlet-3.3.1-cp312-cp312-musllinux_1_2_aarch64.whl", hash = "sha256:7b2fe4150a0cf59f847a67db8c155ac36aed89080a6a639e9f16df5d6c6096f1", size = 1567487, upload-time = "2026-01-23T16:04:22.125Z" },
    { url = "https://files.pythonhosted.org/packages/8f/7c/456a74f07029597626f3a6db71b273a3632aecb9afafeeca452cfa633197/greenlet-3.3.1-cp312-cp312-musllinux_1_2_x86_64.whl", hash = "sha256:49f4ad195d45f4a66a0eb9c1ba4832bb380570d361912fa3554746830d332149", size = 1636087, upload-time = "2026-01-23T15:33:47.486Z" },
    { url = "https://files.pythonhosted.org/packages/34/2f/5e0e41f33c69655300a5e54aeb637cf8ff57f1786a3aba374eacc0228c1d/greenlet-3.3.1-cp312-cp312-win_amd64.whl", hash = "sha256:cc98b9c4e4870fa983436afa999d4eb16b12872fab7071423d5262fa7120d57a", size = 227156, upload-time = "2026-01-23T15:34:34.808Z" },
    { url = "https://files.pythonhosted.org/packages/c8/ab/717c58343cf02c5265b531384b248787e04d8160b8afe53d9eec053d7b44/greenlet-3.3.1-cp312-cp312-win_arm64.whl", hash = "sha256:bfb2d1763d777de5ee495c85309460f6fd8146e50ec9d0ae0183dbf6f0a829d1", size = 226403, upload-time = "2026-01-23T15:31:39.372Z" },
]

[[package]]
name = "gunicorn"
version = "25.1.0"
source = { registry = "https://pypi.org/simple" }
dependencies = [
    { name = "packaging" },
]
sdist = { url = "https://files.pythonhosted.org/packages/66/13/ef67f59f6a7896fdc2c1d62b5665c5219d6b0a9a1784938eb9a28e55e128/gunicorn-25.1.0.tar.gz", hash = "sha256:1426611d959fa77e7de89f8c0f32eed6aa03ee735f98c01efba3e281b1c47616", size = 594377, upload-time = "2026-02-13T11:09:58.989Z" }
wheels = [
    { url = "https://files.pythonhosted.org/packages/da/73/4ad5b1f6a2e21cf1e85afdaad2b7b1a933985e2f5d679147a1953aaa192c/gunicorn-25.1.0-py3-none-any.whl", hash = "sha256:d0b1236ccf27f72cfe14bce7caadf467186f19e865094ca84221424e839b8b8b", size = 197067, upload-time = "2026-02-13T11:09:57.146Z" },
]

[[package]]
name = "h11"
version = "0.16.0"
source = { registry = "https://pypi.org/simple" }
sdist = { url = "https://files.pythonhosted.org/packages/01/ee/02a2c011bdab74c6fb3c75474d40b3052059d95df7e73351460c8588d963/h11-0.16.0.tar.gz", hash = "sha256:4e35b956cf45792e4caa5885e69fba00bdbc6ffafbfa020300e549b208ee5ff1", size = 101250, upload-time = "2025-04-24T03:35:25.427Z" }
wheels = [
    { url = "https://files.pythonhosted.org/packages/04/4b/29cac41a4d98d144bf5f6d33995617b185d14b22401f75ca86f384e87ff1/h11-0.16.0-py3-none-any.whl", hash = "sha256:63cf8bbe7522de3bf65932fda1d9c2772064ffb3dae62d55932da54b31cb6c86", size = 37515, upload-time = "2025-04-24T03:35:24.344Z" },
]

[[package]]
name = "itsdangerous"
version = "2.2.0"
source = { registry = "https://pypi.org/simple" }
sdist = { url = "https://files.pythonhosted.org/packages/9c/cb/8ac0172223afbccb63986cc25049b154ecfb5e85932587206f42317be31d/itsdangerous-2.2.0.tar.gz", hash = "sha256:e0050c0b7da1eea53ffaf149c0cfbb5c6e2e2b69c4bef22c81fa6eb73e5f6173", size = 54410, upload-time = "2024-04-16T21:28:15.614Z" }
wheels = [
    { url = "https://files.pythonhosted.org/packages/04/96/92447566d16df59b2a776c0fb82dbc4d9e07cd95062562af01e408583fc4/itsdangerous-2.2.0-py3-none-any.whl", hash = "sha256:c6242fc49e35958c8b15141343aa660db5fc54d4f13a1db01a3f5891b98700ef", size = 16234, upload-time = "2024-04-16T21:28:14.499Z" },
]

[[package]]
name = "jinja2"
version = "3.1.6"
source = { registry = "https://pypi.org/simple" }
dependencies = [
    { name = "markupsafe" },
]
sdist = { url = "https://files.pythonhosted.org/packages/df/bf/f7da0350254c0ed7c72f3e33cef02e048281fec7ecec5f032d4aac52226b/jinja2-3.1.6.tar.gz", hash = "sha256:0137fb05990d35f1275a587e9aee6d56da821fc83491a0fb838183be43f66d6d", size = 245115, upload-time = "2025-03-05T20:05:02.478Z" }
wheels = [
    { url = "https://files.pythonhosted.org/packages/62/a1/3d680cbfd5f4b8f15abc1d571870c5fc3e594bb582bc3b64ea099db13e56/jinja2-3.1.6-py3-none-any.whl", hash = "sha256:85ece4451f492d0c13c5dd7c13a64681a86afae63a5f347908daf103ce6d2f67", size = 134899, upload-time = "2025-03-05T20:05:00.369Z" },
]

[[package]]
name = "markupsafe"
version = "3.0.3"
source = { registry = "https://pypi.org/simple" }
sdist = { url = "https://files.pythonhosted.org/packages/7e/99/7690b6d4034fffd95959cbe0c02de8deb3098cc577c67bb6a24fe5d7caa7/markupsafe-3.0.3.tar.gz", hash = "sha256:722695808f4b6457b320fdc131280796bdceb04ab50fe1795cd540799ebe1698", size = 80313, upload-time = "2025-09-27T18:37:40.426Z" }
wheels = [
    { url = "https://files.pythonhosted.org/packages/5a/72/147da192e38635ada20e0a2e1a51cf8823d2119ce8883f7053879c2199b5/markupsafe-3.0.3-cp312-cp312-macosx_10_13_x86_64.whl", hash = "sha256:d53197da72cc091b024dd97249dfc7794d6a56530370992a5e1a08983ad9230e", size = 11615, upload-time = "2025-09-27T18:36:30.854Z" },
    { url = "https://files.pythonhosted.org/packages/9a/81/7e4e08678a1f98521201c3079f77db69fb552acd56067661f8c2f534a718/markupsafe-3.0.3-cp312-cp312-macosx_11_0_arm64.whl", hash = "sha256:1872df69a4de6aead3491198eaf13810b565bdbeec3ae2dc8780f14458ec73ce", size = 12020, upload-time = "2025-09-27T18:36:31.971Z" },
    { url = "https://files.pythonhosted.org/packages/1e/2c/799f4742efc39633a1b54a92eec4082e4f815314869865d876824c257c1e/markupsafe-3.0.3-cp312-cp312-manylinux2014_aarch64.manylinux_2_17_aarch64.manylinux_2_28_aarch64.whl", hash = "sha256:3a7e8ae81ae39e62a41ec302f972ba6ae23a5c5396c8e60113e9066ef893da0d", size = 24332, upload-time = "2025-09-27T18:36:32.813Z" },
    { url = "https://files.pythonhosted.org/packages/3c/2e/8d0c2ab90a8c1d9a24f0399058ab8519a3279d1bd4289511d74e909f060e/markupsafe-3.0.3-cp312-cp312-manylinux2014_x86_64.manylinux_2_17_x86_64.manylinux_2_28_x86_64.whl", hash = "sha256:d6dd0be5b5b189d31db7cda48b91d7e0a9795f31430b7f271219ab30f1d3ac9d", size = 22947, upload-time = "2025-09-27T18:36:33.86Z" },
    { url = "https://files.pythonhosted.org/packages/2c/54/887f3092a85238093a0b2154bd629c89444f395618842e8b0c41783898ea/markupsafe-3.0.3-cp312-cp312-manylinux_2_31_riscv64.manylinux_2_39_riscv64.whl", hash = "sha256:94c6f0bb423f739146aec64595853541634bde58b2135f27f61c1ffd1cd4d16a", size = 21962, upload-time = "2025-09-27T18:36:35.099Z" },
    { url = "https://files.pythonhosted.org/packages/c9/2f/336b8c7b6f4a4d95e91119dc8521402461b74a485558d8f238a68312f11c/markupsafe-3.0.3-cp312-cp312-musllinux_1_2_aarch64.whl", hash = "sha256:be8813b57049a7dc738189df53d69395eba14fb99345e0a5994914a3864c8a4b", size = 23760, upload-time = "2025-09-27T18:36:36.001Z" },
    { url = "https://files.pythonhosted.org/packages/32/43/67935f2b7e4982ffb50a4d169b724d74b62a3964bc1a9a527f5ac4f1ee2b/markupsafe-3.0.3-cp312-cp312-musllinux_1_2_riscv64.whl", hash = "sha256:83891d0e9fb81a825d9a6d61e3f07550ca70a076484292a70fde82c4b807286f", size = 21529, upload-time = "2025-09-27T18:36:36.906Z" },
    { url = "https://files.pythonhosted.org/packages/89/e0/4486f11e51bbba8b0c041098859e869e304d1c261e59244baa3d295d47b7/markupsafe-3.0.3-cp312-cp312-musllinux_1_2_x86_64.whl", hash = "sha256:77f0643abe7495da77fb436f50f8dab76dbc6e5fd25d39589a0f1fe6548bfa2b", size = 23015, upload-time = "2025-09-27T18:36:37.868Z" },
    { url = "https://files.pythonhosted.org/packages/2f/e1/78ee7a023dac597a5825441ebd17170785a9dab23de95d2c7508ade94e0e/markupsafe-3.0.3-cp312-cp312-win32.whl", hash = "sha256:d88b440e37a16e651bda4c7c2b930eb586fd15ca7406cb39e211fcff3bf3017d", size = 14540, upload-time = "2025-09-27T18:36:38.761Z" },
    { url = "https://files.pythonhosted.org/packages/aa/5b/bec5aa9bbbb2c946ca2733ef9c4ca91c91b6a24580193e891b5f7dbe8e1e/markupsafe-3.0.3-cp312-cp312-win_amd64.whl", hash = "sha256:26a5784ded40c9e318cfc2bdb30fe164bdb8665ded9cd64d500a34fb42067b1c", size = 15105, upload-time = "2025-09-27T18:36:39.701Z" },
    { url = "https://files.pythonhosted.org/packages/e5/f1/216fc1bbfd74011693a4fd837e7026152e89c4bcf3e77b6692fba9923123/markupsafe-3.0.3-cp312-cp312-win_arm64.whl", hash = "sha256:35add3b638a5d900e807944a078b51922212fb3dedb01633a8defc4b01a3c85f", size = 13906, upload-time = "2025-09-27T18:36:40.689Z" },
]

[[package]]
name = "packaging"
version = "26.0"
source = { registry = "https://pypi.org/simple" }
sdist = { url = "https://files.pythonhosted.org/packages/65/ee/299d360cdc32edc7d2cf530f3accf79c4fca01e96ffc950d8a52213bd8e4/packaging-26.0.tar.gz", hash = "sha256:00243ae351a257117b6a241061796684b084ed1c516a08c48a3f7e147a9d80b4", size = 143416, upload-time = "2026-01-21T20:50:39.064Z" }
wheels = [
    { url = "https://files.pythonhosted.org/packages/b7/b9/c538f279a4e237a006a2c98387d081e9eb060d203d8ed34467cc0f0b9b53/packaging-26.0-py3-none-any.whl", hash = "sha256:b36f1fef9334a5588b4166f8bcd26a14e521f2b55e6b9de3aaa80d3ff7a37529", size = 74366, upload-time = "2026-01-21T20:50:37.788Z" },
]

[[package]]
name = "python-dotenv"
version = "1.2.1"
source = { registry = "https://pypi.org/simple" }
sdist = { url = "https://files.pythonhosted.org/packages/f0/26/19cadc79a718c5edbec86fd4919a6b6d3f681039a2f6d66d14be94e75fb9/python_dotenv-1.2.1.tar.gz", hash = "sha256:42667e897e16ab0d66954af0e60a9caa94f0fd4ecf3aaf6d2d260eec1aa36ad6", size = 44221, upload-time = "2025-10-26T15:12:10.434Z" }
wheels = [
    { url = "https://files.pythonhosted.org/packages/14/1b/a298b06749107c305e1fe0f814c6c74aea7b2f1e10989cb30f544a1b3253/python_dotenv-1.2.1-py3-none-any.whl", hash = "sha256:b81ee9561e9ca4004139c6cbba3a238c32b03e4894671e181b671e8cb8425d61", size = 21230, upload-time = "2025-10-26T15:12:09.109Z" },
]

[[package]]
name = "python-engineio"
version = "4.13.1"
source = { registry = "https://pypi.org/simple" }
dependencies = [
    { name = "simple-websocket" },
]
sdist = { url = "https://files.pythonhosted.org/packages/34/12/bdef9dbeedbe2cdeba2a2056ad27b1fb081557d34b69a97f574843462cae/python_engineio-4.13.1.tar.gz", hash = "sha256:0a853fcef52f5b345425d8c2b921ac85023a04dfcf75d7b74696c61e940fd066", size = 92348, upload-time = "2026-02-06T23:38:06.12Z" }
wheels = [
    { url = "https://files.pythonhosted.org/packages/aa/54/0cce26da03a981f949bb8449c9778537f75f5917c172e1d2992ff25cb57d/python_engineio-4.13.1-py3-none-any.whl", hash = "sha256:f32ad10589859c11053ad7d9bb3c9695cdf862113bfb0d20bc4d890198287399", size = 59847, upload-time = "2026-02-06T23:38:04.861Z" },
]

[[package]]
name = "python-socketio"
version = "5.16.1"
source = { registry = "https://pypi.org/simple" }
dependencies = [
    { name = "bidict" },
    { name = "python-engineio" },
]
sdist = { url = "https://files.pythonhosted.org/packages/59/81/cf8284f45e32efa18d3848ed82cdd4dcc1b657b082458fbe01ad3e1f2f8d/python_socketio-5.16.1.tar.gz", hash = "sha256:f863f98eacce81ceea2e742f6388e10ca3cdd0764be21d30d5196470edf5ea89", size = 128508, upload-time = "2026-02-06T23:42:07Z" }
wheels = [
    { url = "https://files.pythonhosted.org/packages/07/c7/deb8c5e604404dbf10a3808a858946ca3547692ff6316b698945bb72177e/python_socketio-5.16.1-py3-none-any.whl", hash = "sha256:a3eb1702e92aa2f2b5d3ba00261b61f062cce51f1cfb6900bf3ab4d1934d2d35", size = 82054, upload-time = "2026-02-06T23:42:05.772Z" },
]

[[package]]
name = "simple-websocket"
version = "1.1.0"
source = { registry = "https://pypi.org/simple" }
dependencies = [
    { name = "wsproto" },
]
sdist = { url = "https://files.pythonhosted.org/packages/b0/d4/bfa032f961103eba93de583b161f0e6a5b63cebb8f2c7d0c6e6efe1e3d2e/simple_websocket-1.1.0.tar.gz", hash = "sha256:7939234e7aa067c534abdab3a9ed933ec9ce4691b0713c78acb195560aa52ae4", size = 17300, upload-time = "2024-10-10T22:39:31.412Z" }
wheels = [
    { url = "https://files.pythonhosted.org/packages/52/59/0782e51887ac6b07ffd1570e0364cf901ebc36345fea669969d2084baebb/simple_websocket-1.1.0-py3-none-any.whl", hash = "sha256:4af6069630a38ed6c561010f0e11a5bc0d4ca569b36306eb257cd9a192497c8c", size = 13842, upload-time = "2024-10-10T22:39:29.645Z" },
]

[[package]]
name = "werkzeug"
version = "3.1.5"
source = { registry = "https://pypi.org/simple" }
dependencies = [
    { name = "markupsafe" },
]
sdist = { url = "https://files.pythonhosted.org/packages/5a/70/1469ef1d3542ae7c2c7b72bd5e3a4e6ee69d7978fa8a3af05a38eca5becf/werkzeug-3.1.5.tar.gz", hash = "sha256:6a548b0e88955dd07ccb25539d7d0cc97417ee9e179677d22c7041c8f078ce67", size = 864754, upload-time = "2026-01-08T17:49:23.247Z" }
wheels = [
    { url = "https://files.pythonhosted.org/packages/ad/e4/8d97cca767bcc1be76d16fb76951608305561c6e056811587f36cb1316a8/werkzeug-3.1.5-py3-none-any.whl", hash = "sha256:5111e36e91086ece91f93268bb39b4a35c1e6f1feac762c9c822ded0a4e322dc", size = 225025, upload-time = "2026-01-08T17:49:21.859Z" },
]

[[package]]
name = "wsproto"
version = "1.3.2"
source = { registry = "https://pypi.org/simple" }
dependencies = [
    { name = "h11" },
]
sdist = { url = "https://files.pythonhosted.org/packages/c7/79/12135bdf8b9c9367b8701c2c19a14c913c120b882d50b014ca0d38083c2c/wsproto-1.3.2.tar.gz", hash = "sha256:b86885dcf294e15204919950f666e06ffc6c7c114ca900b060d6e16293528294", size = 50116, upload-time = "2025-11-20T18:18:01.871Z" }
wheels = [
    { url = "https://files.pythonhosted.org/packages/a4/f5/10b68b7b1544245097b2a1b8238f66f2fc6dcaeb24ba5d917f52bd2eed4f/wsproto-1.3.2-py3-none-any.whl", hash = "sha256:61eea322cdf56e8cc904bd3ad7573359a242ba65688716b0710a5eb12beab584", size = 24405, upload-time = "2025-11-20T18:18:00.454Z" },
]

[[package]]
name = "zope-event"
version = "6.1"
source = { registry = "https://pypi.org/simple" }
sdist = { url = "https://files.pythonhosted.org/packages/46/33/d3eeac228fc14de76615612ee208be2d8a5b5b0fada36bf9b62d6b40600c/zope_event-6.1.tar.gz", hash = "sha256:6052a3e0cb8565d3d4ef1a3a7809336ac519bc4fe38398cb8d466db09adef4f0", size = 18739, upload-time = "2025-11-07T08:05:49.934Z" }
wheels = [
    { url = "https://files.pythonhosted.org/packages/c2/b0/956902e5e1302f8c5d124e219c6bf214e2649f92ad5fce85b05c039a04c9/zope_event-6.1-py3-none-any.whl", hash = "sha256:0ca78b6391b694272b23ec1335c0294cc471065ed10f7f606858fc54566c25a0", size = 6414, upload-time = "2025-11-07T08:05:48.874Z" },
]

[[package]]
name = "zope-interface"
version = "8.2"
source = { registry = "https://pypi.org/simple" }
sdist = { url = "https://files.pythonhosted.org/packages/86/a4/77daa5ba398996d16bb43fc721599d27d03eae68fe3c799de1963c72e228/zope_interface-8.2.tar.gz", hash = "sha256:afb20c371a601d261b4f6edb53c3c418c249db1a9717b0baafc9a9bb39ba1224", size = 254019, upload-time = "2026-01-09T07:51:07.253Z" }
wheels = [
    { url = "https://files.pythonhosted.org/packages/e0/a0/1e1fabbd2e9c53ef92b69df6d14f4adc94ec25583b1380336905dc37e9a0/zope_interface-8.2-cp312-cp312-macosx_10_9_x86_64.whl", hash = "sha256:624b6787fc7c3e45fa401984f6add2c736b70a7506518c3b537ffaacc4b29d4c", size = 208785, upload-time = "2026-01-09T08:05:17.348Z" },
    { url = "https://files.pythonhosted.org/packages/c3/2a/88d098a06975c722a192ef1fb7d623d1b57c6a6997cf01a7aabb45ab1970/zope_interface-8.2-cp312-cp312-macosx_11_0_arm64.whl", hash = "sha256:bc9ded9e97a0ed17731d479596ed1071e53b18e6fdb2fc33af1e43f5fd2d3aaa", size = 208976, upload-time = "2026-01-09T08:05:18.792Z" },
    { url = "https://files.pythonhosted.org/packages/e9/e8/757398549fdfd2f8c89f32c82ae4d2f0537ae2a5d2f21f4a2f711f5a059f/zope_interface-8.2-cp312-cp312-manylinux1_i686.manylinux2014_i686.manylinux_2_17_i686.manylinux_2_5_i686.whl", hash = "sha256:532367553e4420c80c0fc0cabcc2c74080d495573706f66723edee6eae53361d", size = 259411, upload-time = "2026-01-09T08:05:20.567Z" },
    { url = "https://files.pythonhosted.org/packages/91/af/502601f0395ce84dff622f63cab47488657a04d0065547df42bee3a680ff/zope_interface-8.2-cp312-cp312-manylinux1_x86_64.manylinux2014_x86_64.manylinux_2_17_x86_64.manylinux_2_5_x86_64.whl", hash = "sha256:2bf9cf275468bafa3c72688aad8cfcbe3d28ee792baf0b228a1b2d93bd1d541a", size = 264859, upload-time = "2026-01-09T08:05:22.234Z" },
    { url = "https://files.pythonhosted.org/packages/89/0c/d2f765b9b4814a368a7c1b0ac23b68823c6789a732112668072fe596945d/zope_interface-8.2-cp312-cp312-manylinux2014_aarch64.manylinux_2_17_aarch64.whl", hash = "sha256:0009d2d3c02ea783045d7804da4fd016245e5c5de31a86cebba66dd6914d59a2", size = 264398, upload-time = "2026-01-09T08:05:23.853Z" },
]
